
Microsoft Visual Studio Solution File, Format Version 12.00
# Visual Studio Version 17
VisualStudioVersion = 17.8.34511.84
MinimumVisualStudioVersion = 10.0.40219.1
Project("{FAE04EC0-301F-11D3-BF4B-00C04F79EFBC}") = "Lissen 2", "Lissen 2.csproj", "{2A85D381-CAF4-4897-BA99-4C0CE4C48565}"
EndProject
Global
	GlobalSection(SolutionConfigurationPlatforms) = preSolution
		Debug|Any CPU = Debug|Any CPU
		Release|Any CPU = Release|Any CPU
	EndGlobalSection
	GlobalSection(ProjectConfigurationPlatforms) = postSolution
		{2A85D381-CAF4-4897-BA99-4C0CE4C48565}.Debug|Any CPU.ActiveCfg = Debug|Any CPU
		{2A85D381-CAF4-4897-BA99-4C0CE4C48565}.Debug|Any CPU.Build.0 = Debug|Any CPU
		{2A85D381-CAF4-4897-BA99-4C0CE4C48565}.Release|Any CPU.ActiveCfg = Release|Any CPU
		{2A85D381-CAF4-4897-BA99-4C0CE4C48565}.Release|Any CPU.Build.0 = Release|Any CPU
	EndGlobalSection
	GlobalSection(SolutionProperties) = preSolution
		HideSolutionNode = FALSE
	EndGlobalSection
	GlobalSection(ExtensibilityGlobals) = postSolution
		SolutionGuid = {9795B272-F768-40CC-8F42-92CB85EFC238}
	EndGlobalSection
EndGlobal
